// !$*UTF8*$!
{
	archiveVersion = 1;
	classes = {
	};
	objectVersion = 56;
	objects = {

/* Begin PBXBuildFile section */
		D860282629EDD0BF00E2607C /* RedirectManager.h in Headers */ = {isa = PBXBuildFile; fileRef = D860282529EDD0BF00E2607C /* RedirectManager.h */; settings = {ATTRIBUTES = (Public, ); }; };
		D860282D29EDD1C400E2607C /* RedirectManager.swift in Sources */ = {isa = PBXBuildFile; fileRef = D860282C29EDD1C400E2607C /* RedirectManager.swift */; };
		D860282F29EDD1CD00E2607C /* RedirectStrategies.swift in Sources */ = {isa = PBXBuildFile; fileRef = D860282E29EDD1CD00E2607C /* RedirectStrategies.swift */; };
		D860283129EDD1D800E2607C /* Networking.swift in Sources */ = {isa = PBXBuildFile; fileRef = D860283029EDD1D800E2607C /* Networking.swift */; };
		D860283329EDD1E600E2607C /* Endpoints.swift in Sources */ = {isa = PBXBuildFile; fileRef = D860283229EDD1E600E2607C /* Endpoints.swift */; };
		EA7654A1341C14C169FA05CF /* Pods_RedirectManager.framework in Frameworks */ = {isa = PBXBuildFile; fileRef = 0A2F4572D2E49E31535F94C1 /* Pods_RedirectManager.framework */; };
/* End PBXBuildFile section */

/* Begin PBXFileReference section */
		0A2F4572D2E49E31535F94C1 /* Pods_RedirectManager.framework */ = {isa = PBXFileReference; explicitFileType = wrapper.framework; includeInIndex = 0; path = Pods_RedirectManager.framework; sourceTree = BUILT_PRODUCTS_DIR; };
		0C176871AD7BAF022DF9C3B5 /* Pods-RedirectManager.debug.xcconfig */ = {isa = PBXFileReference; includeInIndex = 1; lastKnownFileType = text.xcconfig; name = "Pods-RedirectManager.debug.xcconfig"; path = "Target Support Files/Pods-RedirectManager/Pods-RedirectManager.debug.xcconfig"; sourceTree = "<group>"; };
		D860282229EDD0BF00E2607C /* RedirectManager.framework */ = {isa = PBXFileReference; explicitFileType = wrapper.framework; includeInIndex = 0; path = RedirectManager.framework; sourceTree = BUILT_PRODUCTS_DIR; };
		D860282529EDD0BF00E2607C /* RedirectManager.h */ = {isa = PBXFileReference; lastKnownFileType = sourcecode.c.h; path = RedirectManager.h; sourceTree = "<group>"; };
		D860282C29EDD1C400E2607C /* RedirectManager.swift */ = {isa = PBXFileReference; lastKnownFileType = sourcecode.swift; path = RedirectManager.swift; sourceTree = "<group>"; };
		D860282E29EDD1CD00E2607C /* RedirectStrategies.swift */ = {isa = PBXFileReference; lastKnownFileType = sourcecode.swift; path = RedirectStrategies.swift; sourceTree = "<group>"; };
		D860283029EDD1D800E2607C /* Networking.swift */ = {isa = PBXFileReference; lastKnownFileType = sourcecode.swift; path = Networking.swift; sourceTree = "<group>"; };
		D860283229EDD1E600E2607C /* Endpoints.swift */ = {isa = PBXFileReference; lastKnownFileType = sourcecode.swift; path = Endpoints.swift; sourceTree = "<group>"; };
		F6537FC22EA6A24BE536660C /* Pods-RedirectManager.release.xcconfig */ = {isa = PBXFileReference; includeInIndex = 1; lastKnownFileType = text.xcconfig; name = "Pods-RedirectManager.release.xcconfig"; path = "Target Support Files/Pods-RedirectManager/Pods-RedirectManager.release.xcconfig"; sourceTree = "<group>"; };
/* End PBXFileReference section */

/* Begin PBXFrameworksBuildPhase section */
		D860281F29EDD0BF00E2607C /* Frameworks */ = {
			isa = PBXFrameworksBuildPhase;
			buildActionMask = 2147483647;
			files = (
				EA7654A1341C14C169FA05CF /* Pods_RedirectManager.framework in Frameworks */,
			);
			runOnlyForDeploymentPostprocessing = 0;
		};
/* End PBXFrameworksBuildPhase section */

/* Begin PBXGroup section */
		1BB169336B0A54D0AD985BE7 /* Frameworks */ = {
			isa = PBXGroup;
			children = (
				0A2F4572D2E49E31535F94C1 /* Pods_RedirectManager.framework */,
			);
			name = Frameworks;
			sourceTree = "<group>";
		};
		D860281829EDD0BF00E2607C = {
			isa = PBXGroup;
			children = (
				D860282429EDD0BF00E2607C /* RedirectManager */,
				D860282329EDD0BF00E2607C /* Products */,
				F7FEF063A878C902538C9572 /* Pods */,
				1BB169336B0A54D0AD985BE7 /* Frameworks */,
			);
			sourceTree = "<group>";
		};
		D860282329EDD0BF00E2607C /* Products */ = {
			isa = PBXGroup;
			children = (
				D860282229EDD0BF00E2607C /* RedirectManager.framework */,
			);
			name = Products;
			sourceTree = "<group>";
		};
		D860282429EDD0BF00E2607C /* RedirectManager */ = {
			isa = PBXGroup;
			children = (
				D860282529EDD0BF00E2607C /* RedirectManager.h */,
				D860282C29EDD1C400E2607C /* RedirectManager.swift */,
				D860282E29EDD1CD00E2607C /* RedirectStrategies.swift */,
				D860283029EDD1D800E2607C /* Networking.swift */,
				D860283229EDD1E600E2607C /* Endpoints.swift */,
			);
			path = RedirectManager;
			sourceTree = "<group>";
		};
		F7FEF063A878C902538C9572 /* Pods */ = {
			isa = PBXGroup;
			children = (
				0C176871AD7BAF022DF9C3B5 /* Pods-RedirectManager.debug.xcconfig */,
				F6537FC22EA6A24BE536660C /* Pods-RedirectManager.release.xcconfig */,
			);
			name = Pods;
			path = ../BaseProjectiOS/Pods;
			sourceTree = "<group>";
		};
/* End PBXGroup section */

/* Begin PBXHeadersBuildPhase section */
		D860281D29EDD0BF00E2607C /* Headers */ = {
			isa = PBXHeadersBuildPhase;
			buildActionMask = 2147483647;
			files = (
				D860282629EDD0BF00E2607C /* RedirectManager.h in Headers */,
			);
			runOnlyForDeploymentPostprocessing = 0;
		};
/* End PBXHeadersBuildPhase section */

/* Begin PBXNativeTarget section */
		D860282129EDD0BF00E2607C /* RedirectManager */ = {
			isa = PBXNativeTarget;
			buildConfigurationList = D860282929EDD0BF00E2607C /* Build configuration list for PBXNativeTarget "RedirectManager" */;
			buildPhases = (
				F14565CA6A232D02268F557F /* [CP] Check Pods Manifest.lock */,
				D860281D29EDD0BF00E2607C /* Headers */,
				D860281E29EDD0BF00E2607C /* Sources */,
				D860281F29EDD0BF00E2607C /* Frameworks */,
				D860282029EDD0BF00E2607C /* Resources */,
			);
			buildRules = (
			);
			dependencies = (
			);
			name = RedirectManager;
			productName = RedirectManager;
			productReference = D860282229EDD0BF00E2607C /* RedirectManager.framework */;
			productType = "com.apple.product-type.framework";
		};
/* End PBXNativeTarget section */

/* Begin PBXProject section */
		D860281929EDD0BF00E2607C /* Project object */ = {
			isa = PBXProject;
			attributes = {
				BuildIndependentTargetsInParallel = 1;
				LastUpgradeCheck = 1430;
				TargetAttributes = {
					D860282129EDD0BF00E2607C = {
						CreatedOnToolsVersion = 14.3;
						LastSwiftMigration = 1430;
					};
				};
			};
			buildConfigurationList = D860281C29EDD0BF00E2607C /* Build configuration list for PBXProject "RedirectManager" */;
			compatibilityVersion = "Xcode 14.0";
			developmentRegion = en;
			hasScannedForEncodings = 0;
			knownRegions = (
				en,
				Base,
			);
			mainGroup = D860281829EDD0BF00E2607C;
			productRefGroup = D860282329EDD0BF00E2607C /* Products */;
			projectDirPath = "";
			projectRoot = "";
			targets = (
				D860282129EDD0BF00E2607C /* RedirectManager */,
			);
		};
/* End PBXProject section */

/* Begin PBXResourcesBuildPhase section */
		D860282029EDD0BF00E2607C /* Resources */ = {
			isa = PBXResourcesBuildPhase;
			buildActionMask = 2147483647;
			files = (
			);
			runOnlyForDeploymentPostprocessing = 0;
		};
/* End PBXResourcesBuildPhase section */

/* Begin PBXShellScriptBuildPhase section */
		F14565CA6A232D02268F557F /* [CP] Check Pods Manifest.lock */ = {
			isa = PBXShellScriptBuildPhase;
			buildActionMask = 2147483647;
			files = (
			);
			inputFileListPaths = (
			);
			inputPaths = (
				"${PODS_PODFILE_DIR_PATH}/Podfile.lock",
				"${PODS_ROOT}/Manifest.lock",
			);
			name = "[CP] Check Pods Manifest.lock";
			outputFileListPaths = (
			);
			outputPaths = (
				"$(DERIVED_FILE_DIR)/Pods-RedirectManager-checkManifestLockResult.txt",
			);
			runOnlyForDeploymentPostprocessing = 0;
			shellPath = /bin/sh;
			shellScript = "diff \"${PODS_PODFILE_DIR_PATH}/Podfile.lock\" \"${PODS_ROOT}/Manifest.lock\" > /dev/null\nif [ $? != 0 ] ; then\n    # print error to STDERR\n    echo \"error: The sandbox is not in sync with the Podfile.lock. Run 'pod install' or update your CocoaPods installation.\" >&2\n    exit 1\nfi\n# This output is used by Xcode 'outputs' to avoid re-running this script phase.\necho \"SUCCESS\" > \"${SCRIPT_OUTPUT_FILE_0}\"\n";
			showEnvVarsInLog = 0;
		};
/* End PBXShellScriptBuildPhase section */

/* Begin PBXSourcesBuildPhase section */
		D860281E29EDD0BF00E2607C /* Sources */ = {
			isa = PBXSourcesBuildPhase;
			buildActionMask = 2147483647;
			files = (
				D860283129EDD1D800E2607C /* Networking.swift in Sources */,
				D860282F29EDD1CD00E2607C /* RedirectStrategies.swift in Sources */,
				D860283329EDD1E600E2607C /* Endpoints.swift in Sources */,
				D860282D29EDD1C400E2607C /* RedirectManager.swift in Sources */,
			);
			runOnlyForDeploymentPostprocessing = 0;
		};
/* End PBXSourcesBuildPhase section */

/* Begin XCBuildConfiguration section */
		D860282729EDD0BF00E2607C /* Debug */ = {
			isa = XCBuildConfiguration;
			buildSettings = {
				ALWAYS_SEARCH_USER_PATHS = NO;
				CLANG_ANALYZER_NONNULL = YES;
				CLANG_ANALYZER_NUMBER_OBJECT_CONVERSION = YES_AGGRESSIVE;
				CLANG_CXX_LANGUAGE_STANDARD = "gnu++20";
				CLANG_ENABLE_MODULES = YES;
				CLANG_ENABLE_OBJC_ARC = YES;
				CLANG_ENABLE_OBJC_WEAK = YES;
				CLANG_WARN_BLOCK_CAPTURE_AUTORELEASING = YES;
				CLANG_WARN_BOOL_CONVERSION = YES;
				CLANG_WARN_COMMA = YES;
				CLANG_WARN_CONSTANT_CONVERSION = YES;
				CLANG_WARN_DEPRECATED_OBJC_IMPLEMENTATIONS = YES;
				CLANG_WARN_DIRECT_OBJC_ISA_USAGE = YES_ERROR;
				CLANG_WARN_DOCUMENTATION_COMMENTS = YES;
				CLANG_WARN_EMPTY_BODY = YES;
				CLANG_WARN_ENUM_CONVERSION = YES;
				CLANG_WARN_INFINITE_RECURSION = YES;
				CLANG_WARN_INT_CONVERSION = YES;
				CLANG_WARN_NON_LITERAL_NULL_CONVERSION = YES;
				CLANG_WARN_OBJC_IMPLICIT_RETAIN_SELF = YES;
				CLANG_WARN_OBJC_LITERAL_CONVERSION = YES;
				CLANG_WARN_OBJC_ROOT_CLASS = YES_ERROR;
				CLANG_WARN_QUOTED_INCLUDE_IN_FRAMEWORK_HEADER = YES;
				CLANG_WARN_RANGE_LOOP_ANALYSIS = YES;
				CLANG_WARN_STRICT_PROTOTYPES = YES;
				CLANG_WARN_SUSPICIOUS_MOVE = YES;
				CLANG_WARN_UNGUARDED_AVAILABILITY = YES_AGGRESSIVE;
				CLANG_WARN_UNREACHABLE_CODE = YES;
				CLANG_WARN__DUPLICATE_METHOD_MATCH = YES;
				COPY_PHASE_STRIP = NO;
				CURRENT_PROJECT_VERSION = 1;
				DEBUG_INFORMATION_FORMAT = dwarf;
				ENABLE_STRICT_OBJC_MSGSEND = YES;
				ENABLE_TESTABILITY = YES;
				GCC_C_LANGUAGE_STANDARD = gnu11;
				GCC_DYNAMIC_NO_PIC = NO;
				GCC_NO_COMMON_BLOCKS = YES;
				GCC_OPTIMIZATION_LEVEL = 0;
				GCC_PREPROCESSOR_DEFINITIONS = (
					"DEBUG=1",
					"$(inherited)",
				);
				GCC_WARN_64_TO_32_BIT_CONVERSION = YES;
				GCC_WARN_ABOUT_RETURN_TYPE = YES_ERROR;
				GCC_WARN_UNDECLARED_SELECTOR = YES;
				GCC_WARN_UNINITIALIZED_AUTOS = YES_AGGRESSIVE;
				GCC_WARN_UNUSED_FUNCTION = YES;
				GCC_WARN_UNUSED_VARIABLE = YES;
				IPHONEOS_DEPLOYMENT_TARGET = 16.4;
				MTL_ENABLE_DEBUG_INFO = INCLUDE_SOURCE;
				MTL_FAST_MATH = YES;
				ONLY_ACTIVE_ARCH = YES;
				SDKROOT = iphoneos;
				SWIFT_ACTIVE_COMPILATION_CONDITIONS = DEBUG;
				SWIFT_OPTIMIZATION_LEVEL = "-Onone";
				VERSIONING_SYSTEM = "apple-generic";
				VERSION_INFO_PREFIX = "";
			};
			name = Debug;
		};
		D860282829EDD0BF00E2607C /* Release */ = {
			isa = XCBuildConfiguration;
			buildSettings = {
				ALWAYS_SEARCH_USER_PATHS = NO;
				CLANG_ANALYZER_NONNULL = YES;
				CLANG_ANALYZER_NUMBER_OBJECT_CONVERSION = YES_AGGRESSIVE;
				CLANG_CXX_LANGUAGE_STANDARD = "gnu++20";
				CLANG_ENABLE_MODULES = YES;
				CLANG_ENABLE_OBJC_ARC = YES;
				CLANG_ENABLE_OBJC_WEAK = YES;
				CLANG_WARN_BLOCK_CAPTURE_AUTORELEASING = YES;
				CLANG_WARN_BOOL_CONVERSION = YES;
				CLANG_WARN_COMMA = YES;
				CLANG_WARN_CONSTANT_CONVERSION = YES;
				CLANG_WARN_DEPRECATED_OBJC_IMPLEMENTATIONS = YES;
				CLANG_WARN_DIRECT_OBJC_ISA_USAGE = YES_ERROR;
				CLANG_WARN_DOCUMENTATION_COMMENTS = YES;
				CLANG_WARN_EMPTY_BODY = YES;
				CLANG_WARN_ENUM_CONVERSION = YES;
				CLANG_WARN_INFINITE_RECURSION = YES;
				CLANG_WARN_INT_CONVERSION = YES;
				CLANG_WARN_NON_LITERAL_NULL_CONVERSION = YES;
				CLANG_WARN_OBJC_IMPLICIT_RETAIN_SELF = YES;
				CLANG_WARN_OBJC_LITERAL_CONVERSION = YES;
				CLANG_WARN_OBJC_ROOT_CLASS = YES_ERROR;
				CLANG_WARN_QUOTED_INCLUDE_IN_FRAMEWORK_HEADER = YES;
				CLANG_WARN_RANGE_LOOP_ANALYSIS = YES;
				CLANG_WARN_STRICT_PROTOTYPES = YES;
				CLANG_WARN_SUSPICIOUS_MOVE = YES;
				CLANG_WARN_UNGUARDED_AVAILABILITY = YES_AGGRESSIVE;
				CLANG_WARN_UNREACHABLE_CODE = YES;
				CLANG_WARN__DUPLICATE_METHOD_MATCH = YES;
				COPY_PHASE_STRIP = NO;
				CURRENT_PROJECT_VERSION = 1;
				DEBUG_INFORMATION_FORMAT = "dwarf-with-dsym";
				ENABLE_NS_ASSERTIONS = NO;
				ENABLE_STRICT_OBJC_MSGSEND = YES;
				GCC_C_LANGUAGE_STANDARD = gnu11;
				GCC_NO_COMMON_BLOCKS = YES;
				GCC_WARN_64_TO_32_BIT_CONVERSION = YES;
				GCC_WARN_ABOUT_RETURN_TYPE = YES_ERROR;
				GCC_WARN_UNDECLARED_SELECTOR = YES;
				GCC_WARN_UNINITIALIZED_AUTOS = YES_AGGRESSIVE;
				GCC_WARN_UNUSED_FUNCTION = YES;
				GCC_WARN_UNUSED_VARIABLE = YES;
				IPHONEOS_DEPLOYMENT_TARGET = 16.4;
				MTL_ENABLE_DEBUG_INFO = NO;
				MTL_FAST_MATH = YES;
				SDKROOT = iphoneos;
				SWIFT_COMPILATION_MODE = wholemodule;
				SWIFT_OPTIMIZATION_LEVEL = "-O";
				VALIDATE_PRODUCT = YES;
				VERSIONING_SYSTEM = "apple-generic";
				VERSION_INFO_PREFIX = "";
			};
			name = Release;
		};
		D860282A29EDD0BF00E2607C /* Debug */ = {
			isa = XCBuildConfiguration;
			baseConfigurationReference = 0C176871AD7BAF022DF9C3B5 /* Pods-RedirectManager.debug.xcconfig */;
			buildSettings = {
				CLANG_ENABLE_MODULES = YES;
				CODE_SIGN_STYLE = Automatic;
				CURRENT_PROJECT_VERSION = 1;
				DEFINES_MODULE = YES;
				DEVELOPMENT_TEAM = 6J6245LPWX;
				DYLIB_COMPATIBILITY_VERSION = 1;
				DYLIB_CURRENT_VERSION = 1;
				DYLIB_INSTALL_NAME_BASE = "@rpath";
				ENABLE_MODULE_VERIFIER = YES;
				GENERATE_INFOPLIST_FILE = YES;
				INFOPLIST_KEY_NSHumanReadableCopyright = "";
				INSTALL_PATH = "$(LOCAL_LIBRARY_DIR)/Frameworks";
				IPHONEOS_DEPLOYMENT_TARGET = 15.2;
				LD_RUNPATH_SEARCH_PATHS = (
					"$(inherited)",
					"@executable_path/Frameworks",
					"@loader_path/Frameworks",
				);
				MARKETING_VERSION = 1.0;
				MODULE_VERIFIER_SUPPORTED_LANGUAGES = "objective-c objective-c++";
				MODULE_VERIFIER_SUPPORTED_LANGUAGE_STANDARDS = "gnu11 gnu++20";
				PRODUCT_BUNDLE_IDENTIFIER = com.egehankarakose.RedirectManager;
				PRODUCT_NAME = "$(TARGET_NAME:c99extidentifier)";
				SKIP_INSTALL = YES;
				SWIFT_EMIT_LOC_STRINGS = YES;
				SWIFT_OPTIMIZATION_LEVEL = "-Onone";
				SWIFT_VERSION = 5.0;
				TARGETED_DEVICE_FAMILY = "1,2";
			};
			name = Debug;
		};
		D860282B29EDD0BF00E2607C /* Release */ = {
			isa = XCBuildConfiguration;
			baseConfigurationReference = F6537FC22EA6A24BE536660C /* Pods-RedirectManager.release.xcconfig */;
			buildSettings = {
				CLANG_ENABLE_MODULES = YES;
				CODE_SIGN_STYLE = Automatic;
				CURRENT_PROJECT_VERSION = 1;
				DEFINES_MODULE = YES;
				DEVELOPMENT_TEAM = 6J6245LPWX;
				DYLIB_COMPATIBILITY_VERSION = 1;
				DYLIB_CURRENT_VERSION = 1;
				DYLIB_INSTALL_NAME_BASE = "@rpath";
				ENABLE_MODULE_VERIFIER = YES;
				GENERATE_INFOPLIST_FILE = YES;
				INFOPLIST_KEY_NSHumanReadableCopyright = "";
				INSTALL_PATH = "$(LOCAL_LIBRARY_DIR)/Frameworks";
				IPHONEOS_DEPLOYMENT_TARGET = 15.2;
				LD_RUNPATH_SEARCH_PATHS = (
					"$(inherited)",
					"@executable_path/Frameworks",
					"@loader_path/Frameworks",
				);
				MARKETING_VERSION = 1.0;
				MODULE_VERIFIER_SUPPORTED_LANGUAGES = "objective-c objective-c++";
				MODULE_VERIFIER_SUPPORTED_LANGUAGE_STANDARDS = "gnu11 gnu++20";
				PRODUCT_BUNDLE_IDENTIFIER = com.egehankarakose.RedirectManager;
				PRODUCT_NAME = "$(TARGET_NAME:c99extidentifier)";
				SKIP_INSTALL = YES;
				SWIFT_EMIT_LOC_STRINGS = YES;
				SWIFT_VERSION = 5.0;
				TARGETED_DEVICE_FAMILY = "1,2";
			};
			name = Release;
		};
/* End XCBuildConfiguration section */

/* Begin XCConfigurationList section */
		D860281C29EDD0BF00E2607C /* Build configuration list for PBXProject "RedirectManager" */ = {
			isa = XCConfigurationList;
			buildConfigurations = (
				D860282729EDD0BF00E2607C /* Debug */,
				D860282829EDD0BF00E2607C /* Release */,
			);
			defaultConfigurationIsVisible = 0;
			defaultConfigurationName = Release;
		};
		D860282929EDD0BF00E2607C /* Build configuration list for PBXNativeTarget "RedirectManager" */ = {
			isa = XCConfigurationList;
			buildConfigurations = (
				D860282A29EDD0BF00E2607C /* Debug */,
				D860282B29EDD0BF00E2607C /* Release */,
			);
			defaultConfigurationIsVisible = 0;
			defaultConfigurationName = Release;
		};
/* End XCConfigurationList section */
	};
	rootObject = D860281929EDD0BF00E2607C /* Project object */;
}
